// !$*UTF8*$!
{
	archiveVersion = 1;
	classes = {
	};
	objectVersion = 46;
	objects = {

/* Begin PBXBuildFile section */
		591DB1CCA113C5F2FB2AEFC9 /* libPods-PopSpringViews.a in Frameworks */ = {isa = PBXBuildFile; fileRef = DB8C9E116FF4F1BF561A898C /* libPods-PopSpringViews.a */; };
		65E82F861E4BBE7E0068519C /* NSObject+PopSpringAnimation.swift in Sources */ = {isa = PBXBuildFile; fileRef = 65E82F851E4BBE7E0068519C /* NSObject+PopSpringAnimation.swift */; };
		65E82F921E4BC82A0068519C /* PopSpringViews.h in Headers */ = {isa = PBXBuildFile; fileRef = 65E82F7D1E4BBE5C0068519C /* PopSpringViews.h */; settings = {ATTRIBUTES = (Public, ); }; };
		65E82F9A1E4BCFB80068519C /* AppDelegate.swift in Sources */ = {isa = PBXBuildFile; fileRef = 65E82F991E4BCFB80068519C /* AppDelegate.swift */; };
		65E82F9C1E4BCFB80068519C /* ViewController.swift in Sources */ = {isa = PBXBuildFile; fileRef = 65E82F9B1E4BCFB80068519C /* ViewController.swift */; };
		65E82F9F1E4BCFB80068519C /* Main.storyboard in Resources */ = {isa = PBXBuildFile; fileRef = 65E82F9D1E4BCFB80068519C /* Main.storyboard */; };
		65E82FA11E4BCFB80068519C /* Assets.xcassets in Resources */ = {isa = PBXBuildFile; fileRef = 65E82FA01E4BCFB80068519C /* Assets.xcassets */; };
		65E82FA41E4BCFB80068519C /* LaunchScreen.storyboard in Resources */ = {isa = PBXBuildFile; fileRef = 65E82FA21E4BCFB80068519C /* LaunchScreen.storyboard */; };
/* End PBXBuildFile section */

/* Begin PBXFileReference section */
		65E82F7A1E4BBE5C0068519C /* PopSpringViews.framework */ = {isa = PBXFileReference; explicitFileType = wrapper.framework; includeInIndex = 0; path = PopSpringViews.framework; sourceTree = BUILT_PRODUCTS_DIR; };
		65E82F7D1E4BBE5C0068519C /* PopSpringViews.h */ = {isa = PBXFileReference; lastKnownFileType = sourcecode.c.h; path = PopSpringViews.h; sourceTree = "<group>"; };
		65E82F7E1E4BBE5C0068519C /* Info.plist */ = {isa = PBXFileReference; lastKnownFileType = text.plist.xml; path = Info.plist; sourceTree = "<group>"; };
		65E82F851E4BBE7E0068519C /* NSObject+PopSpringAnimation.swift */ = {isa = PBXFileReference; fileEncoding = 4; lastKnownFileType = sourcecode.swift; path = "NSObject+PopSpringAnimation.swift"; sourceTree = "<group>"; };
		65E82F911E4BC5E30068519C /* module.modulemap */ = {isa = PBXFileReference; lastKnownFileType = "sourcecode.module-map"; path = module.modulemap; sourceTree = "<group>"; };
		65E82F971E4BCFB70068519C /* PopSpringViewsDemo.app */ = {isa = PBXFileReference; explicitFileType = wrapper.application; includeInIndex = 0; path = PopSpringViewsDemo.app; sourceTree = BUILT_PRODUCTS_DIR; };
		65E82F991E4BCFB80068519C /* AppDelegate.swift */ = {isa = PBXFileReference; lastKnownFileType = sourcecode.swift; path = AppDelegate.swift; sourceTree = "<group>"; };
		65E82F9B1E4BCFB80068519C /* ViewController.swift */ = {isa = PBXFileReference; lastKnownFileType = sourcecode.swift; path = ViewController.swift; sourceTree = "<group>"; };
		65E82F9E1E4BCFB80068519C /* Base */ = {isa = PBXFileReference; lastKnownFileType = file.storyboard; name = Base; path = Base.lproj/Main.storyboard; sourceTree = "<group>"; };
		65E82FA01E4BCFB80068519C /* Assets.xcassets */ = {isa = PBXFileReference; lastKnownFileType = folder.assetcatalog; path = Assets.xcassets; sourceTree = "<group>"; };
		65E82FA31E4BCFB80068519C /* Base */ = {isa = PBXFileReference; lastKnownFileType = file.storyboard; name = Base; path = Base.lproj/LaunchScreen.storyboard; sourceTree = "<group>"; };
		65E82FA51E4BCFB80068519C /* Info.plist */ = {isa = PBXFileReference; lastKnownFileType = text.plist.xml; path = Info.plist; sourceTree = "<group>"; };
		C6B26C822DDBF5A1474A83A0 /* Pods-PopSpringViews.debug.xcconfig */ = {isa = PBXFileReference; includeInIndex = 1; lastKnownFileType = text.xcconfig; name = "Pods-PopSpringViews.debug.xcconfig"; path = "Pods/Target Support Files/Pods-PopSpringViews/Pods-PopSpringViews.debug.xcconfig"; sourceTree = "<group>"; };
		DB8C9E116FF4F1BF561A898C /* libPods-PopSpringViews.a */ = {isa = PBXFileReference; explicitFileType = archive.ar; includeInIndex = 0; path = "libPods-PopSpringViews.a"; sourceTree = BUILT_PRODUCTS_DIR; };
		FD3976D8C906D540BDAA2388 /* Pods-PopSpringViews.release.xcconfig */ = {isa = PBXFileReference; includeInIndex = 1; lastKnownFileType = text.xcconfig; name = "Pods-PopSpringViews.release.xcconfig"; path = "Pods/Target Support Files/Pods-PopSpringViews/Pods-PopSpringViews.release.xcconfig"; sourceTree = "<group>"; };
/* End PBXFileReference section */

/* Begin PBXFrameworksBuildPhase section */
		65E82F761E4BBE5C0068519C /* Frameworks */ = {
			isa = PBXFrameworksBuildPhase;
			buildActionMask = 2147483647;
			files = (
				591DB1CCA113C5F2FB2AEFC9 /* libPods-PopSpringViews.a in Frameworks */,
			);
			runOnlyForDeploymentPostprocessing = 0;
		};
		65E82F941E4BCFB70068519C /* Frameworks */ = {
			isa = PBXFrameworksBuildPhase;
			buildActionMask = 2147483647;
			files = (
			);
			runOnlyForDeploymentPostprocessing = 0;
		};
/* End PBXFrameworksBuildPhase section */

/* Begin PBXGroup section */
		15881BA18FB4106C7F7BBC6F /* Frameworks */ = {
			isa = PBXGroup;
			children = (
				DB8C9E116FF4F1BF561A898C /* libPods-PopSpringViews.a */,
			);
			name = Frameworks;
			sourceTree = "<group>";
		};
		4916FD1A4CFF903459D95F39 /* Pods */ = {
			isa = PBXGroup;
			children = (
				C6B26C822DDBF5A1474A83A0 /* Pods-PopSpringViews.debug.xcconfig */,
				FD3976D8C906D540BDAA2388 /* Pods-PopSpringViews.release.xcconfig */,
			);
			name = Pods;
			sourceTree = "<group>";
		};
		65E82F701E4BBE5C0068519C = {
			isa = PBXGroup;
			children = (
				65E82F7C1E4BBE5C0068519C /* PopSpringViews */,
				65E82F981E4BCFB80068519C /* PopSpringViewsDemo */,
				65E82F7B1E4BBE5C0068519C /* Products */,
				4916FD1A4CFF903459D95F39 /* Pods */,
				15881BA18FB4106C7F7BBC6F /* Frameworks */,
			);
			sourceTree = "<group>";
		};
		65E82F7B1E4BBE5C0068519C /* Products */ = {
			isa = PBXGroup;
			children = (
				65E82F7A1E4BBE5C0068519C /* PopSpringViews.framework */,
				65E82F971E4BCFB70068519C /* PopSpringViewsDemo.app */,
			);
			name = Products;
			sourceTree = "<group>";
		};
		65E82F7C1E4BBE5C0068519C /* PopSpringViews */ = {
			isa = PBXGroup;
			children = (
				65E82F851E4BBE7E0068519C /* NSObject+PopSpringAnimation.swift */,
				65E82F7D1E4BBE5C0068519C /* PopSpringViews.h */,
				65E82F7E1E4BBE5C0068519C /* Info.plist */,
				65E82F911E4BC5E30068519C /* module.modulemap */,
			);
			path = PopSpringViews;
			sourceTree = "<group>";
		};
		65E82F981E4BCFB80068519C /* PopSpringViewsDemo */ = {
			isa = PBXGroup;
			children = (
				65E82F991E4BCFB80068519C /* AppDelegate.swift */,
				65E82F9B1E4BCFB80068519C /* ViewController.swift */,
				65E82F9D1E4BCFB80068519C /* Main.storyboard */,
				65E82FA01E4BCFB80068519C /* Assets.xcassets */,
				65E82FA21E4BCFB80068519C /* LaunchScreen.storyboard */,
				65E82FA51E4BCFB80068519C /* Info.plist */,
			);
			path = PopSpringViewsDemo;
			sourceTree = "<group>";
		};
/* End PBXGroup section */

/* Begin PBXHeadersBuildPhase section */
		65E82F771E4BBE5C0068519C /* Headers */ = {
			isa = PBXHeadersBuildPhase;
			buildActionMask = 2147483647;
			files = (
				65E82F921E4BC82A0068519C /* PopSpringViews.h in Headers */,
			);
			runOnlyForDeploymentPostprocessing = 0;
		};
/* End PBXHeadersBuildPhase section */

/* Begin PBXNativeTarget section */
		65E82F791E4BBE5C0068519C /* PopSpringViews */ = {
			isa = PBXNativeTarget;
			buildConfigurationList = 65E82F821E4BBE5C0068519C /* Build configuration list for PBXNativeTarget "PopSpringViews" */;
			buildPhases = (
				CF9601D11F13560805CF33FE /* [CP] Check Pods Manifest.lock */,
				65E82F751E4BBE5C0068519C /* Sources */,
				65E82F761E4BBE5C0068519C /* Frameworks */,
				65E82F771E4BBE5C0068519C /* Headers */,
				65E82F781E4BBE5C0068519C /* Resources */,
				47B24D999D39C17B84E041DC /* [CP] Copy Pods Resources */,
			);
			buildRules = (
			);
			dependencies = (
			);
			name = PopSpringViews;
			productName = PopSpringViews;
			productReference = 65E82F7A1E4BBE5C0068519C /* PopSpringViews.framework */;
			productType = "com.apple.product-type.framework";
		};
		65E82F961E4BCFB70068519C /* PopSpringViewsDemo */ = {
			isa = PBXNativeTarget;
			buildConfigurationList = 65E82FA61E4BCFB80068519C /* Build configuration list for PBXNativeTarget "PopSpringViewsDemo" */;
			buildPhases = (
				65E82F931E4BCFB70068519C /* Sources */,
				65E82F941E4BCFB70068519C /* Frameworks */,
				65E82F951E4BCFB70068519C /* Resources */,
			);
			buildRules = (
			);
			dependencies = (
			);
			name = PopSpringViewsDemo;
			productName = PopSpringViewsDemo;
			productReference = 65E82F971E4BCFB70068519C /* PopSpringViewsDemo.app */;
			productType = "com.apple.product-type.application";
		};
/* End PBXNativeTarget section */

/* Begin PBXProject section */
		65E82F711E4BBE5C0068519C /* Project object */ = {
			isa = PBXProject;
			attributes = {
				LastSwiftUpdateCheck = 0820;
				LastUpgradeCheck = 0820;
				ORGANIZATIONNAME = musevisions;
				TargetAttributes = {
					65E82F791E4BBE5C0068519C = {
						CreatedOnToolsVersion = 8.2.1;
						LastSwiftMigration = 0820;
						ProvisioningStyle = Automatic;
					};
					65E82F961E4BCFB70068519C = {
						CreatedOnToolsVersion = 8.2.1;
						ProvisioningStyle = Automatic;
					};
				};
			};
			buildConfigurationList = 65E82F741E4BBE5C0068519C /* Build configuration list for PBXProject "PopSpringViews" */;
			compatibilityVersion = "Xcode 3.2";
			developmentRegion = English;
			hasScannedForEncodings = 0;
			knownRegions = (
				en,
				Base,
			);
			mainGroup = 65E82F701E4BBE5C0068519C;
			productRefGroup = 65E82F7B1E4BBE5C0068519C /* Products */;
			projectDirPath = "";
			projectRoot = "";
			targets = (
				65E82F791E4BBE5C0068519C /* PopSpringViews */,
				65E82F961E4BCFB70068519C /* PopSpringViewsDemo */,
			);
		};
/* End PBXProject section */

/* Begin PBXResourcesBuildPhase section */
		65E82F781E4BBE5C0068519C /* Resources */ = {
			isa = PBXResourcesBuildPhase;
			buildActionMask = 2147483647;
			files = (
			);
			runOnlyForDeploymentPostprocessing = 0;
		};
		65E82F951E4BCFB70068519C /* Resources */ = {
			isa = PBXResourcesBuildPhase;
			buildActionMask = 2147483647;
			files = (
				65E82FA41E4BCFB80068519C /* LaunchScreen.storyboard in Resources */,
				65E82FA11E4BCFB80068519C /* Assets.xcassets in Resources */,
				65E82F9F1E4BCFB80068519C /* Main.storyboard in Resources */,
			);
			runOnlyForDeploymentPostprocessing = 0;
		};
/* End PBXResourcesBuildPhase section */

/* Begin PBXShellScriptBuildPhase section */
		47B24D999D39C17B84E041DC /* [CP] Copy Pods Resources */ = {
			isa = PBXShellScriptBuildPhase;
			buildActionMask = 2147483647;
			files = (
			);
			inputPaths = (
			);
			name = "[CP] Copy Pods Resources";
			outputPaths = (
			);
			runOnlyForDeploymentPostprocessing = 0;
			shellPath = /bin/sh;
			shellScript = "\"${SRCROOT}/Pods/Target Support Files/Pods-PopSpringViews/Pods-PopSpringViews-resources.sh\"\n";
			showEnvVarsInLog = 0;
		};
		CF9601D11F13560805CF33FE /* [CP] Check Pods Manifest.lock */ = {
			isa = PBXShellScriptBuildPhase;
			buildActionMask = 2147483647;
			files = (
			);
			inputPaths = (
			);
			name = "[CP] Check Pods Manifest.lock";
			outputPaths = (
			);
			runOnlyForDeploymentPostprocessing = 0;
			shellPath = /bin/sh;
			shellScript = "diff \"${PODS_ROOT}/../Podfile.lock\" \"${PODS_ROOT}/Manifest.lock\" > /dev/null\nif [ $? != 0 ] ; then\n    # print error to STDERR\n    echo \"error: The sandbox is not in sync with the Podfile.lock. Run 'pod install' or update your CocoaPods installation.\" >&2\n    exit 1\nfi\n";
			showEnvVarsInLog = 0;
		};
/* End PBXShellScriptBuildPhase section */

/* Begin PBXSourcesBuildPhase section */
		65E82F751E4BBE5C0068519C /* Sources */ = {
			isa = PBXSourcesBuildPhase;
			buildActionMask = 2147483647;
			files = (
				65E82F861E4BBE7E0068519C /* NSObject+PopSpringAnimation.swift in Sources */,
			);
			runOnlyForDeploymentPostprocessing = 0;
		};
		65E82F931E4BCFB70068519C /* Sources */ = {
			isa = PBXSourcesBuildPhase;
			buildActionMask = 2147483647;
			files = (
				65E82F9C1E4BCFB80068519C /* ViewController.swift in Sources */,
				65E82F9A1E4BCFB80068519C /* AppDelegate.swift in Sources */,
			);
			runOnlyForDeploymentPostprocessing = 0;
		};
/* End PBXSourcesBuildPhase section */

/* Begin PBXVariantGroup section */
		65E82F9D1E4BCFB80068519C /* Main.storyboard */ = {
			isa = PBXVariantGroup;
			children = (
				65E82F9E1E4BCFB80068519C /* Base */,
			);
			name = Main.storyboard;
			sourceTree = "<group>";
		};
		65E82FA21E4BCFB80068519C /* LaunchScreen.storyboard */ = {
			isa = PBXVariantGroup;
			children = (
				65E82FA31E4BCFB80068519C /* Base */,
			);
			name = LaunchScreen.storyboard;
			sourceTree = "<group>";
		};
/* End PBXVariantGroup section */

/* Begin XCBuildConfiguration section */
		65E82F801E4BBE5C0068519C /* Debug */ = {
			isa = XCBuildConfiguration;
			buildSettings = {
				ALWAYS_SEARCH_USER_PATHS = NO;
				CLANG_ANALYZER_NONNULL = YES;
				CLANG_CXX_LANGUAGE_STANDARD = "gnu++0x";
				CLANG_CXX_LIBRARY = "libc++";
				CLANG_ENABLE_MODULES = YES;
				CLANG_ENABLE_OBJC_ARC = YES;
				CLANG_WARN_BOOL_CONVERSION = YES;
				CLANG_WARN_CONSTANT_CONVERSION = YES;
				CLANG_WARN_DIRECT_OBJC_ISA_USAGE = YES_ERROR;
				CLANG_WARN_DOCUMENTATION_COMMENTS = YES;
				CLANG_WARN_EMPTY_BODY = YES;
				CLANG_WARN_ENUM_CONVERSION = YES;
				CLANG_WARN_INFINITE_RECURSION = YES;
				CLANG_WARN_INT_CONVERSION = YES;
				CLANG_WARN_OBJC_ROOT_CLASS = YES_ERROR;
				CLANG_WARN_SUSPICIOUS_MOVE = YES;
				CLANG_WARN_UNREACHABLE_CODE = YES;
				CLANG_WARN__DUPLICATE_METHOD_MATCH = YES;
				"CODE_SIGN_IDENTITY[sdk=iphoneos*]" = "iPhone Developer";
				COPY_PHASE_STRIP = NO;
				CURRENT_PROJECT_VERSION = 1;
				DEBUG_INFORMATION_FORMAT = dwarf;
				ENABLE_STRICT_OBJC_MSGSEND = YES;
				ENABLE_TESTABILITY = YES;
				GCC_C_LANGUAGE_STANDARD = gnu99;
				GCC_DYNAMIC_NO_PIC = NO;
				GCC_NO_COMMON_BLOCKS = YES;
				GCC_OPTIMIZATION_LEVEL = 0;
				GCC_PREPROCESSOR_DEFINITIONS = (
					"DEBUG=1",
					"$(inherited)",
				);
				GCC_WARN_64_TO_32_BIT_CONVERSION = YES;
				GCC_WARN_ABOUT_RETURN_TYPE = YES_ERROR;
				GCC_WARN_UNDECLARED_SELECTOR = YES;
				GCC_WARN_UNINITIALIZED_AUTOS = YES_AGGRESSIVE;
				GCC_WARN_UNUSED_FUNCTION = YES;
				GCC_WARN_UNUSED_VARIABLE = YES;
				IPHONEOS_DEPLOYMENT_TARGET = 10.2;
				MTL_ENABLE_DEBUG_INFO = YES;
				ONLY_ACTIVE_ARCH = YES;
				SDKROOT = iphoneos;
				SWIFT_ACTIVE_COMPILATION_CONDITIONS = DEBUG;
				SWIFT_OPTIMIZATION_LEVEL = "-Onone";
				TARGETED_DEVICE_FAMILY = "1,2";
				VERSIONING_SYSTEM = "apple-generic";
				VERSION_INFO_PREFIX = "";
			};
			name = Debug;
		};
		65E82F811E4BBE5C0068519C /* Release */ = {
			isa = XCBuildConfiguration;
			buildSettings = {
				ALWAYS_SEARCH_USER_PATHS = NO;
				CLANG_ANALYZER_NONNULL = YES;
				CLANG_CXX_LANGUAGE_STANDARD = "gnu++0x";
				CLANG_CXX_LIBRARY = "libc++";
				CLANG_ENABLE_MODULES = YES;
				CLANG_ENABLE_OBJC_ARC = YES;
				CLANG_WARN_BOOL_CONVERSION = YES;
				CLANG_WARN_CONSTANT_CONVERSION = YES;
				CLANG_WARN_DIRECT_OBJC_ISA_USAGE = YES_ERROR;
				CLANG_WARN_DOCUMENTATION_COMMENTS = YES;
				CLANG_WARN_EMPTY_BODY = YES;
				CLANG_WARN_ENUM_CONVERSION = YES;
				CLANG_WARN_INFINITE_RECURSION = YES;
				CLANG_WARN_INT_CONVERSION = YES;
				CLANG_WARN_OBJC_ROOT_CLASS = YES_ERROR;
				CLANG_WARN_SUSPICIOUS_MOVE = YES;
				CLANG_WARN_UNREACHABLE_CODE = YES;
				CLANG_WARN__DUPLICATE_METHOD_MATCH = YES;
				"CODE_SIGN_IDENTITY[sdk=iphoneos*]" = "iPhone Developer";
				COPY_PHASE_STRIP = NO;
				CURRENT_PROJECT_VERSION = 1;
				DEBUG_INFORMATION_FORMAT = "dwarf-with-dsym";
				ENABLE_NS_ASSERTIONS = NO;
				ENABLE_STRICT_OBJC_MSGSEND = YES;
				GCC_C_LANGUAGE_STANDARD = gnu99;
				GCC_NO_COMMON_BLOCKS = YES;
				GCC_WARN_64_TO_32_BIT_CONVERSION = YES;
				GCC_WARN_ABOUT_RETURN_TYPE = YES_ERROR;
				GCC_WARN_UNDECLARED_SELECTOR = YES;
				GCC_WARN_UNINITIALIZED_AUTOS = YES_AGGRESSIVE;
				GCC_WARN_UNUSED_FUNCTION = YES;
				GCC_WARN_UNUSED_VARIABLE = YES;
				IPHONEOS_DEPLOYMENT_TARGET = 10.2;
				MTL_ENABLE_DEBUG_INFO = NO;
				SDKROOT = iphoneos;
				SWIFT_OPTIMIZATION_LEVEL = "-Owholemodule";
				TARGETED_DEVICE_FAMILY = "1,2";
				VALIDATE_PRODUCT = YES;
				VERSIONING_SYSTEM = "apple-generic";
				VERSION_INFO_PREFIX = "";
			};
			name = Release;
		};
		65E82F831E4BBE5C0068519C /* Debug */ = {
			isa = XCBuildConfiguration;
			baseConfigurationReference = C6B26C822DDBF5A1474A83A0 /* Pods-PopSpringViews.debug.xcconfig */;
			buildSettings = {
				CLANG_ALLOW_NON_MODULAR_INCLUDES_IN_FRAMEWORK_MODULES = YES;
				CLANG_ENABLE_MODULES = YES;
				CODE_SIGN_IDENTITY = "";
				DEFINES_MODULE = YES;
				DYLIB_COMPATIBILITY_VERSION = 1;
				DYLIB_CURRENT_VERSION = 1;
				DYLIB_INSTALL_NAME_BASE = "@rpath";
				HEADER_SEARCH_PATHS = (
					"$(inherited)",
					"\"${PODS_ROOT}/Headers/Public\"/**",
					"$(SRC_ROOT)/PopSpringViews",
				);
				INFOPLIST_FILE = PopSpringViews/Info.plist;
				INSTALL_PATH = "$(LOCAL_LIBRARY_DIR)/Frameworks";
				LD_RUNPATH_SEARCH_PATHS = "$(inherited) @executable_path/Frameworks @loader_path/Frameworks";
				MODULEMAP_FILE = PopSpringViews/module.modulemap;
				PRODUCT_BUNDLE_IDENTIFIER = com.musevisions.iOS.PopSpringViews;
				PRODUCT_NAME = "$(TARGET_NAME)";
				SKIP_INSTALL = YES;
				SWIFT_INCLUDE_PATHS = "$(SRCROOT)/PopSpringViews/SwiftPOP $(SRCROOT)/Pods/pop";
				SWIFT_OPTIMIZATION_LEVEL = "-Onone";
				SWIFT_VERSION = 3.0;
				USER_HEADER_SEARCH_PATHS = "$(SRCROOT)/PopSpringViews \"${PODS_ROOT}/Headers/Public\"/**";
			};
			name = Debug;
		};
		65E82F841E4BBE5C0068519C /* Release */ = {
			isa = XCBuildConfiguration;
			baseConfigurationReference = FD3976D8C906D540BDAA2388 /* Pods-PopSpringViews.release.xcconfig */;
			buildSettings = {
				CLANG_ALLOW_NON_MODULAR_INCLUDES_IN_FRAMEWORK_MODULES = YES;
				CLANG_ENABLE_MODULES = YES;
				CODE_SIGN_IDENTITY = "";
				DEFINES_MODULE = YES;
				DYLIB_COMPATIBILITY_VERSION = 1;
				DYLIB_CURRENT_VERSION = 1;
				DYLIB_INSTALL_NAME_BASE = "@rpath";
				HEADER_SEARCH_PATHS = (
					"$(inherited)",
					"\"${PODS_ROOT}/Headers/Public\"/**",
					"$(SRC_ROOT)/PopSpringViews",
				);
				INFOPLIST_FILE = PopSpringViews/Info.plist;
				INSTALL_PATH = "$(LOCAL_LIBRARY_DIR)/Frameworks";
				LD_RUNPATH_SEARCH_PATHS = "$(inherited) @executable_path/Frameworks @loader_path/Frameworks";
				MODULEMAP_FILE = PopSpringViews/module.modulemap;
				PRODUCT_BUNDLE_IDENTIFIER = com.musevisions.iOS.PopSpringViews;
				PRODUCT_NAME = "$(TARGET_NAME)";
				SKIP_INSTALL = YES;
				SWIFT_INCLUDE_PATHS = "$(SRCROOT)/PopSpringViews/SwiftPOP $(SRCROOT)/Pods/pop";
				SWIFT_VERSION = 3.0;
				USER_HEADER_SEARCH_PATHS = "$(SRCROOT)/PopSpringViews \"${PODS_ROOT}/Headers/Public\"/**";
			};
			name = Release;
		};
		65E82FA71E4BCFB80068519C /* Debug */ = {
			isa = XCBuildConfiguration;
			buildSettings = {
				ASSETCATALOG_COMPILER_APPICON_NAME = AppIcon;
				INFOPLIST_FILE = PopSpringViewsDemo/Info.plist;
				LD_RUNPATH_SEARCH_PATHS = "$(inherited) @executable_path/Frameworks";
				PRODUCT_BUNDLE_IDENTIFIER = com.musevisions.iOS.PopSpringViewsDemo;
				PRODUCT_NAME = "$(TARGET_NAME)";
				SWIFT_VERSION = 3.0;
			};
			name = Debug;
		};
		65E82FA81E4BCFB80068519C /* Release */ = {
			isa = XCBuildConfiguration;
			buildSettings = {
				ASSETCATALOG_COMPILER_APPICON_NAME = AppIcon;
				INFOPLIST_FILE = PopSpringViewsDemo/Info.plist;
				LD_RUNPATH_SEARCH_PATHS = "$(inherited) @executable_path/Frameworks";
				PRODUCT_BUNDLE_IDENTIFIER = com.musevisions.iOS.PopSpringViewsDemo;
				PRODUCT_NAME = "$(TARGET_NAME)";
				SWIFT_VERSION = 3.0;
			};
			name = Release;
		};
/* End XCBuildConfiguration section */

/* Begin XCConfigurationList section */
		65E82F741E4BBE5C0068519C /* Build configuration list for PBXProject "PopSpringViews" */ = {
			isa = XCConfigurationList;
			buildConfigurations = (
				65E82F801E4BBE5C0068519C /* Debug */,
				65E82F811E4BBE5C0068519C /* Release */,
			);
			defaultConfigurationIsVisible = 0;
			defaultConfigurationName = Release;
		};
		65E82F821E4BBE5C0068519C /* Build configuration list for PBXNativeTarget "PopSpringViews" */ = {
			isa = XCConfigurationList;
			buildConfigurations = (
				65E82F831E4BBE5C0068519C /* Debug */,
				65E82F841E4BBE5C0068519C /* Release */,
			);
			defaultConfigurationIsVisible = 0;
			defaultConfigurationName = Release;
		};
		65E82FA61E4BCFB80068519C /* Build configuration list for PBXNativeTarget "PopSpringViewsDemo" */ = {
			isa = XCConfigurationList;
			buildConfigurations = (
				65E82FA71E4BCFB80068519C /* Debug */,
				65E82FA81E4BCFB80068519C /* Release */,
			);
			defaultConfigurationIsVisible = 0;
		};
/* End XCConfigurationList section */
	};
	rootObject = 65E82F711E4BBE5C0068519C /* Project object */;
}
